// !$*UTF8*$!
{
	archiveVersion = 1;
	classes = {
	};
	objectVersion = 50;
	objects = {

/* Begin PBXBuildFile section */
		B20EA46923EF087100671478 /* AppDelegate.swift in Sources */ = {isa = PBXBuildFile; fileRef = B20EA46823EF087100671478 /* AppDelegate.swift */; };
		B20EA46B23EF087100671478 /* SceneDelegate.swift in Sources */ = {isa = PBXBuildFile; fileRef = B20EA46A23EF087100671478 /* SceneDelegate.swift */; };
		B20EA46D23EF087100671478 /* SearchViewController.swift in Sources */ = {isa = PBXBuildFile; fileRef = B20EA46C23EF087100671478 /* SearchViewController.swift */; };
		B20EA47023EF087100671478 /* Main.storyboard in Resources */ = {isa = PBXBuildFile; fileRef = B20EA46E23EF087100671478 /* Main.storyboard */; };
		B20EA47323EF087100671478 /* GoogleBooks.xcdatamodeld in Sources */ = {isa = PBXBuildFile; fileRef = B20EA47123EF087100671478 /* GoogleBooks.xcdatamodeld */; };
		B20EA47523EF087700671478 /* Assets.xcassets in Resources */ = {isa = PBXBuildFile; fileRef = B20EA47423EF087700671478 /* Assets.xcassets */; };
		B20EA47823EF087700671478 /* LaunchScreen.storyboard in Resources */ = {isa = PBXBuildFile; fileRef = B20EA47623EF087700671478 /* LaunchScreen.storyboard */; };
		B20EA48523EF0F7800671478 /* FavoritesViewController.swift in Sources */ = {isa = PBXBuildFile; fileRef = B20EA48423EF0F7800671478 /* FavoritesViewController.swift */; };
		B20EA48723EF104200671478 /* UrlService.swift in Sources */ = {isa = PBXBuildFile; fileRef = B20EA48623EF104200671478 /* UrlService.swift */; };
		B20EA48923EF112000671478 /* httpHandler.swift in Sources */ = {isa = PBXBuildFile; fileRef = B20EA48823EF112000671478 /* httpHandler.swift */; };
		B20EA48B23EF139500671478 /* Book.swift in Sources */ = {isa = PBXBuildFile; fileRef = B20EA48A23EF139500671478 /* Book.swift */; };
		B298493623F8756900A85D64 /* test.swift in Sources */ = {isa = PBXBuildFile; fileRef = B298493523F8756900A85D64 /* test.swift */; };
		B2A0B29223EF659500E4FC43 /* BookSearchCell.swift in Sources */ = {isa = PBXBuildFile; fileRef = B2A0B29123EF659500E4FC43 /* BookSearchCell.swift */; };
		B2D7688D23F08ECB00F16CC7 /* DetailsViewController.swift in Sources */ = {isa = PBXBuildFile; fileRef = B2D7688C23F08ECB00F16CC7 /* DetailsViewController.swift */; };
		B2D7688F23F0930E00F16CC7 /* BookManager.swift in Sources */ = {isa = PBXBuildFile; fileRef = B2D7688E23F0930E00F16CC7 /* BookManager.swift */; };
		B2D7689123F0B62700F16CC7 /* FavoritesCell.swift in Sources */ = {isa = PBXBuildFile; fileRef = B2D7689023F0B62700F16CC7 /* FavoritesCell.swift */; };
		B2D7689323F0BEC000F16CC7 /* NoResults.swift in Sources */ = {isa = PBXBuildFile; fileRef = B2D7689223F0BEC000F16CC7 /* NoResults.swift */; };
/* End PBXBuildFile section */

/* Begin PBXFileReference section */
		B20EA46523EF087100671478 /* GoogleBooks.app */ = {isa = PBXFileReference; explicitFileType = wrapper.application; includeInIndex = 0; path = GoogleBooks.app; sourceTree = BUILT_PRODUCTS_DIR; };
		B20EA46823EF087100671478 /* AppDelegate.swift */ = {isa = PBXFileReference; lastKnownFileType = sourcecode.swift; path = AppDelegate.swift; sourceTree = "<group>"; };
		B20EA46A23EF087100671478 /* SceneDelegate.swift */ = {isa = PBXFileReference; lastKnownFileType = sourcecode.swift; path = SceneDelegate.swift; sourceTree = "<group>"; };
		B20EA46C23EF087100671478 /* SearchViewController.swift */ = {isa = PBXFileReference; lastKnownFileType = sourcecode.swift; path = SearchViewController.swift; sourceTree = "<group>"; };
		B20EA46F23EF087100671478 /* Base */ = {isa = PBXFileReference; lastKnownFileType = file.storyboard; name = Base; path = Base.lproj/Main.storyboard; sourceTree = "<group>"; };
		B20EA47223EF087100671478 /* GoogleBooks.xcdatamodel */ = {isa = PBXFileReference; lastKnownFileType = wrapper.xcdatamodel; path = GoogleBooks.xcdatamodel; sourceTree = "<group>"; };
		B20EA47423EF087700671478 /* Assets.xcassets */ = {isa = PBXFileReference; lastKnownFileType = folder.assetcatalog; path = Assets.xcassets; sourceTree = "<group>"; };
		B20EA47723EF087700671478 /* Base */ = {isa = PBXFileReference; lastKnownFileType = file.storyboard; name = Base; path = Base.lproj/LaunchScreen.storyboard; sourceTree = "<group>"; };
		B20EA47923EF087700671478 /* Info.plist */ = {isa = PBXFileReference; lastKnownFileType = text.plist.xml; path = Info.plist; sourceTree = "<group>"; };
		B20EA48423EF0F7800671478 /* FavoritesViewController.swift */ = {isa = PBXFileReference; lastKnownFileType = sourcecode.swift; path = FavoritesViewController.swift; sourceTree = "<group>"; };
		B20EA48623EF104200671478 /* UrlService.swift */ = {isa = PBXFileReference; lastKnownFileType = sourcecode.swift; path = UrlService.swift; sourceTree = "<group>"; };
		B20EA48823EF112000671478 /* httpHandler.swift */ = {isa = PBXFileReference; lastKnownFileType = sourcecode.swift; path = httpHandler.swift; sourceTree = "<group>"; };
		B20EA48A23EF139500671478 /* Book.swift */ = {isa = PBXFileReference; lastKnownFileType = sourcecode.swift; path = Book.swift; sourceTree = "<group>"; };
		B298493523F8756900A85D64 /* test.swift */ = {isa = PBXFileReference; lastKnownFileType = sourcecode.swift; path = test.swift; sourceTree = "<group>"; };
		B2A0B29123EF659500E4FC43 /* BookSearchCell.swift */ = {isa = PBXFileReference; lastKnownFileType = sourcecode.swift; path = BookSearchCell.swift; sourceTree = "<group>"; };
		B2D7688C23F08ECB00F16CC7 /* DetailsViewController.swift */ = {isa = PBXFileReference; lastKnownFileType = sourcecode.swift; path = DetailsViewController.swift; sourceTree = "<group>"; };
		B2D7688E23F0930E00F16CC7 /* BookManager.swift */ = {isa = PBXFileReference; lastKnownFileType = sourcecode.swift; path = BookManager.swift; sourceTree = "<group>"; };
		B2D7689023F0B62700F16CC7 /* FavoritesCell.swift */ = {isa = PBXFileReference; lastKnownFileType = sourcecode.swift; path = FavoritesCell.swift; sourceTree = "<group>"; };
		B2D7689223F0BEC000F16CC7 /* NoResults.swift */ = {isa = PBXFileReference; lastKnownFileType = sourcecode.swift; path = NoResults.swift; sourceTree = "<group>"; };
/* End PBXFileReference section */

/* Begin PBXFrameworksBuildPhase section */
		B20EA46223EF087000671478 /* Frameworks */ = {
			isa = PBXFrameworksBuildPhase;
			buildActionMask = 2147483647;
			files = (
			);
			runOnlyForDeploymentPostprocessing = 0;
		};
/* End PBXFrameworksBuildPhase section */

/* Begin PBXGroup section */
		B20EA45C23EF087000671478 = {
			isa = PBXGroup;
			children = (
				B20EA46723EF087100671478 /* GoogleBooks */,
				B20EA46623EF087100671478 /* Products */,
			);
			sourceTree = "<group>";
		};
		B20EA46623EF087100671478 /* Products */ = {
			isa = PBXGroup;
			children = (
				B20EA46523EF087100671478 /* GoogleBooks.app */,
			);
			name = Products;
			sourceTree = "<group>";
		};
		B20EA46723EF087100671478 /* GoogleBooks */ = {
			isa = PBXGroup;
			children = (
				B20EA48223EF098900671478 /* service */,
				B20EA48123EF097E00671478 /* viewController */,
				B20EA48023EF097500671478 /* models */,
				B20EA47F23EF096C00671478 /* views */,
				B20EA46823EF087100671478 /* AppDelegate.swift */,
				B20EA46A23EF087100671478 /* SceneDelegate.swift */,
				B20EA47923EF087700671478 /* Info.plist */,
				B20EA47123EF087100671478 /* GoogleBooks.xcdatamodeld */,
				B298493523F8756900A85D64 /* test.swift */,
			);
			path = GoogleBooks;
			sourceTree = "<group>";
		};
		B20EA47F23EF096C00671478 /* views */ = {
			isa = PBXGroup;
			children = (
				B20EA46E23EF087100671478 /* Main.storyboard */,
				B20EA47623EF087700671478 /* LaunchScreen.storyboard */,
				B2A0B29123EF659500E4FC43 /* BookSearchCell.swift */,
				B2D7689023F0B62700F16CC7 /* FavoritesCell.swift */,
			);
			path = views;
			sourceTree = "<group>";
		};
		B20EA48023EF097500671478 /* models */ = {
			isa = PBXGroup;
			children = (
				B20EA47423EF087700671478 /* Assets.xcassets */,
				B20EA48A23EF139500671478 /* Book.swift */,
			);
			path = models;
			sourceTree = "<group>";
		};
		B20EA48123EF097E00671478 /* viewController */ = {
			isa = PBXGroup;
			children = (
				B20EA46C23EF087100671478 /* SearchViewController.swift */,
				B20EA48423EF0F7800671478 /* FavoritesViewController.swift */,
				B2D7688C23F08ECB00F16CC7 /* DetailsViewController.swift */,
				B2D7689223F0BEC000F16CC7 /* NoResults.swift */,
			);
			path = viewController;
			sourceTree = "<group>";
		};
		B20EA48223EF098900671478 /* service */ = {
			isa = PBXGroup;
			children = (
				B20EA48623EF104200671478 /* UrlService.swift */,
				B20EA48823EF112000671478 /* httpHandler.swift */,
				B2D7688E23F0930E00F16CC7 /* BookManager.swift */,
			);
			path = service;
			sourceTree = "<group>";
		};
/* End PBXGroup section */

/* Begin PBXNativeTarget section */
		B20EA46423EF087000671478 /* GoogleBooks */ = {
			isa = PBXNativeTarget;
			buildConfigurationList = B20EA47C23EF087700671478 /* Build configuration list for PBXNativeTarget "GoogleBooks" */;
			buildPhases = (
				B20EA46123EF087000671478 /* Sources */,
				B20EA46223EF087000671478 /* Frameworks */,
				B20EA46323EF087000671478 /* Resources */,
			);
			buildRules = (
			);
			dependencies = (
			);
			name = GoogleBooks;
			productName = GoogleBooks;
			productReference = B20EA46523EF087100671478 /* GoogleBooks.app */;
			productType = "com.apple.product-type.application";
		};
/* End PBXNativeTarget section */

/* Begin PBXProject section */
		B20EA45D23EF087000671478 /* Project object */ = {
			isa = PBXProject;
			attributes = {
				LastSwiftUpdateCheck = 1130;
				LastUpgradeCheck = 1130;
				ORGANIZATIONNAME = "Taylor Chavez";
				TargetAttributes = {
					B20EA46423EF087000671478 = {
						CreatedOnToolsVersion = 11.3.1;
					};
				};
			};
			buildConfigurationList = B20EA46023EF087000671478 /* Build configuration list for PBXProject "GoogleBooks" */;
			compatibilityVersion = "Xcode 9.3";
			developmentRegion = en;
			hasScannedForEncodings = 0;
			knownRegions = (
				en,
				Base,
			);
			mainGroup = B20EA45C23EF087000671478;
			productRefGroup = B20EA46623EF087100671478 /* Products */;
			projectDirPath = "";
			projectRoot = "";
			targets = (
				B20EA46423EF087000671478 /* GoogleBooks */,
			);
		};
/* End PBXProject section */

/* Begin PBXResourcesBuildPhase section */
		B20EA46323EF087000671478 /* Resources */ = {
			isa = PBXResourcesBuildPhase;
			buildActionMask = 2147483647;
			files = (
				B20EA47823EF087700671478 /* LaunchScreen.storyboard in Resources */,
				B20EA47523EF087700671478 /* Assets.xcassets in Resources */,
				B20EA47023EF087100671478 /* Main.storyboard in Resources */,
			);
			runOnlyForDeploymentPostprocessing = 0;
		};
/* End PBXResourcesBuildPhase section */

/* Begin PBXSourcesBuildPhase section */
		B20EA46123EF087000671478 /* Sources */ = {
			isa = PBXSourcesBuildPhase;
			buildActionMask = 2147483647;
			files = (
				B20EA48B23EF139500671478 /* Book.swift in Sources */,
				B20EA46D23EF087100671478 /* SearchViewController.swift in Sources */,
				B20EA48723EF104200671478 /* UrlService.swift in Sources */,
				B20EA46923EF087100671478 /* AppDelegate.swift in Sources */,
				B2A0B29223EF659500E4FC43 /* BookSearchCell.swift in Sources */,
				B2D7688F23F0930E00F16CC7 /* BookManager.swift in Sources */,
				B2D7689323F0BEC000F16CC7 /* NoResults.swift in Sources */,
				B2D7689123F0B62700F16CC7 /* FavoritesCell.swift in Sources */,
				B20EA48923EF112000671478 /* httpHandler.swift in Sources */,
				B20EA46B23EF087100671478 /* SceneDelegate.swift in Sources */,
				B20EA48523EF0F7800671478 /* FavoritesViewController.swift in Sources */,
				B20EA47323EF087100671478 /* GoogleBooks.xcdatamodeld in Sources */,
				B2D7688D23F08ECB00F16CC7 /* DetailsViewController.swift in Sources */,
				B298493623F8756900A85D64 /* test.swift in Sources */,
			);
			runOnlyForDeploymentPostprocessing = 0;
		};
/* End PBXSourcesBuildPhase section */

/* Begin PBXVariantGroup section */
		B20EA46E23EF087100671478 /* Main.storyboard */ = {
			isa = PBXVariantGroup;
			children = (
				B20EA46F23EF087100671478 /* Base */,
			);
			name = Main.storyboard;
			sourceTree = "<group>";
		};
		B20EA47623EF087700671478 /* LaunchScreen.storyboard */ = {
			isa = PBXVariantGroup;
			children = (
				B20EA47723EF087700671478 /* Base */,
			);
			name = LaunchScreen.storyboard;
			sourceTree = "<group>";
		};
/* End PBXVariantGroup section */

/* Begin XCBuildConfiguration section */
		B20EA47A23EF087700671478 /* Debug */ = {
			isa = XCBuildConfiguration;
			buildSettings = {
				ALWAYS_SEARCH_USER_PATHS = NO;
				CLANG_ANALYZER_NONNULL = YES;
				CLANG_ANALYZER_NUMBER_OBJECT_CONVERSION = YES_AGGRESSIVE;
				CLANG_CXX_LANGUAGE_STANDARD = "gnu++14";
				CLANG_CXX_LIBRARY = "libc++";
				CLANG_ENABLE_MODULES = YES;
				CLANG_ENABLE_OBJC_ARC = YES;
				CLANG_ENABLE_OBJC_WEAK = YES;
				CLANG_WARN_BLOCK_CAPTURE_AUTORELEASING = YES;
				CLANG_WARN_BOOL_CONVERSION = YES;
				CLANG_WARN_COMMA = YES;
				CLANG_WARN_CONSTANT_CONVERSION = YES;
				CLANG_WARN_DEPRECATED_OBJC_IMPLEMENTATIONS = YES;
				CLANG_WARN_DIRECT_OBJC_ISA_USAGE = YES_ERROR;
				CLANG_WARN_DOCUMENTATION_COMMENTS = YES;
				CLANG_WARN_EMPTY_BODY = YES;
				CLANG_WARN_ENUM_CONVERSION = YES;
				CLANG_WARN_INFINITE_RECURSION = YES;
				CLANG_WARN_INT_CONVERSION = YES;
				CLANG_WARN_NON_LITERAL_NULL_CONVERSION = YES;
				CLANG_WARN_OBJC_IMPLICIT_RETAIN_SELF = YES;
				CLANG_WARN_OBJC_LITERAL_CONVERSION = YES;
				CLANG_WARN_OBJC_ROOT_CLASS = YES_ERROR;
				CLANG_WARN_RANGE_LOOP_ANALYSIS = YES;
				CLANG_WARN_STRICT_PROTOTYPES = YES;
				CLANG_WARN_SUSPICIOUS_MOVE = YES;
				CLANG_WARN_UNGUARDED_AVAILABILITY = YES_AGGRESSIVE;
				CLANG_WARN_UNREACHABLE_CODE = YES;
				CLANG_WARN__DUPLICATE_METHOD_MATCH = YES;
				COPY_PHASE_STRIP = NO;
				DEBUG_INFORMATION_FORMAT = dwarf;
				ENABLE_STRICT_OBJC_MSGSEND = YES;
				ENABLE_TESTABILITY = YES;
				GCC_C_LANGUAGE_STANDARD = gnu11;
				GCC_DYNAMIC_NO_PIC = NO;
				GCC_NO_COMMON_BLOCKS = YES;
				GCC_OPTIMIZATION_LEVEL = 0;
				GCC_PREPROCESSOR_DEFINITIONS = (
					"DEBUG=1",
					"$(inherited)",
				);
				GCC_WARN_64_TO_32_BIT_CONVERSION = YES;
				GCC_WARN_ABOUT_RETURN_TYPE = YES_ERROR;
				GCC_WARN_UNDECLARED_SELECTOR = YES;
				GCC_WARN_UNINITIALIZED_AUTOS = YES_AGGRESSIVE;
				GCC_WARN_UNUSED_FUNCTION = YES;
				GCC_WARN_UNUSED_VARIABLE = YES;
				IPHONEOS_DEPLOYMENT_TARGET = 13.2;
				MTL_ENABLE_DEBUG_INFO = INCLUDE_SOURCE;
				MTL_FAST_MATH = YES;
				ONLY_ACTIVE_ARCH = YES;
				SDKROOT = iphoneos;
				SWIFT_ACTIVE_COMPILATION_CONDITIONS = DEBUG;
				SWIFT_OPTIMIZATION_LEVEL = "-Onone";
			};
			name = Debug;
		};
		B20EA47B23EF087700671478 /* Release */ = {
			isa = XCBuildConfiguration;
			buildSettings = {
				ALWAYS_SEARCH_USER_PATHS = NO;
				CLANG_ANALYZER_NONNULL = YES;
				CLANG_ANALYZER_NUMBER_OBJECT_CONVERSION = YES_AGGRESSIVE;
				CLANG_CXX_LANGUAGE_STANDARD = "gnu++14";
				CLANG_CXX_LIBRARY = "libc++";
				CLANG_ENABLE_MODULES = YES;
				CLANG_ENABLE_OBJC_ARC = YES;
				CLANG_ENABLE_OBJC_WEAK = YES;
				CLANG_WARN_BLOCK_CAPTURE_AUTORELEASING = YES;
				CLANG_WARN_BOOL_CONVERSION = YES;
				CLANG_WARN_COMMA = YES;
				CLANG_WARN_CONSTANT_CONVERSION = YES;
				CLANG_WARN_DEPRECATED_OBJC_IMPLEMENTATIONS = YES;
				CLANG_WARN_DIRECT_OBJC_ISA_USAGE = YES_ERROR;
				CLANG_WARN_DOCUMENTATION_COMMENTS = YES;
				CLANG_WARN_EMPTY_BODY = YES;
				CLANG_WARN_ENUM_CONVERSION = YES;
				CLANG_WARN_INFINITE_RECURSION = YES;
				CLANG_WARN_INT_CONVERSION = YES;
				CLANG_WARN_NON_LITERAL_NULL_CONVERSION = YES;
				CLANG_WARN_OBJC_IMPLICIT_RETAIN_SELF = YES;
				CLANG_WARN_OBJC_LITERAL_CONVERSION = YES;
				CLANG_WARN_OBJC_ROOT_CLASS = YES_ERROR;
				CLANG_WARN_RANGE_LOOP_ANALYSIS = YES;
				CLANG_WARN_STRICT_PROTOTYPES = YES;
				CLANG_WARN_SUSPICIOUS_MOVE = YES;
				CLANG_WARN_UNGUARDED_AVAILABILITY = YES_AGGRESSIVE;
				CLANG_WARN_UNREACHABLE_CODE = YES;
				CLANG_WARN__DUPLICATE_METHOD_MATCH = YES;
				COPY_PHASE_STRIP = NO;
				DEBUG_INFORMATION_FORMAT = "dwarf-with-dsym";
				ENABLE_NS_ASSERTIONS = NO;
				ENABLE_STRICT_OBJC_MSGSEND = YES;
				GCC_C_LANGUAGE_STANDARD = gnu11;
				GCC_NO_COMMON_BLOCKS = YES;
				GCC_WARN_64_TO_32_BIT_CONVERSION = YES;
				GCC_WARN_ABOUT_RETURN_TYPE = YES_ERROR;
				GCC_WARN_UNDECLARED_SELECTOR = YES;
				GCC_WARN_UNINITIALIZED_AUTOS = YES_AGGRESSIVE;
				GCC_WARN_UNUSED_FUNCTION = YES;
				GCC_WARN_UNUSED_VARIABLE = YES;
				IPHONEOS_DEPLOYMENT_TARGET = 13.2;
				MTL_ENABLE_DEBUG_INFO = NO;
				MTL_FAST_MATH = YES;
				SDKROOT = iphoneos;
				SWIFT_COMPILATION_MODE = wholemodule;
				SWIFT_OPTIMIZATION_LEVEL = "-O";
				VALIDATE_PRODUCT = YES;
			};
			name = Release;
		};
		B20EA47D23EF087700671478 /* Debug */ = {
			isa = XCBuildConfiguration;
			buildSettings = {
				ASSETCATALOG_COMPILER_APPICON_NAME = AppIcon;
				CODE_SIGN_STYLE = Automatic;
				INFOPLIST_FILE = GoogleBooks/Info.plist;
				LD_RUNPATH_SEARCH_PATHS = (
					"$(inherited)",
					"@executable_path/Frameworks",
				);
				PRODUCT_BUNDLE_IDENTIFIER = tc.GoogleBooks;
				PRODUCT_NAME = "$(TARGET_NAME)";
				SWIFT_VERSION = 5.0;
				TARGETED_DEVICE_FAMILY = "1,2";
			};
			name = Debug;
		};
		B20EA47E23EF087700671478 /* Release */ = {
			isa = XCBuildConfiguration;
			buildSettings = {
				ASSETCATALOG_COMPILER_APPICON_NAME = AppIcon;
				CODE_SIGN_STYLE = Automatic;
				INFOPLIST_FILE = GoogleBooks/Info.plist;
				LD_RUNPATH_SEARCH_PATHS = (
					"$(inherited)",
					"@executable_path/Frameworks",
				);
				PRODUCT_BUNDLE_IDENTIFIER = tc.GoogleBooks;
				PRODUCT_NAME = "$(TARGET_NAME)";
				SWIFT_VERSION = 5.0;
				TARGETED_DEVICE_FAMILY = "1,2";
			};
			name = Release;
		};
/* End XCBuildConfiguration section */

/* Begin XCConfigurationList section */
		B20EA46023EF087000671478 /* Build configuration list for PBXProject "GoogleBooks" */ = {
			isa = XCConfigurationList;
			buildConfigurations = (
				B20EA47A23EF087700671478 /* Debug */,
				B20EA47B23EF087700671478 /* Release */,
			);
			defaultConfigurationIsVisible = 0;
			defaultConfigurationName = Release;
		};
		B20EA47C23EF087700671478 /* Build configuration list for PBXNativeTarget "GoogleBooks" */ = {
			isa = XCConfigurationList;
			buildConfigurations = (
				B20EA47D23EF087700671478 /* Debug */,
				B20EA47E23EF087700671478 /* Release */,
			);
			defaultConfigurationIsVisible = 0;
			defaultConfigurationName = Release;
		};
/* End XCConfigurationList section */

/* Begin XCVersionGroup section */
		B20EA47123EF087100671478 /* GoogleBooks.xcdatamodeld */ = {
			isa = XCVersionGroup;
			children = (
				B20EA47223EF087100671478 /* GoogleBooks.xcdatamodel */,
			);
			currentVersion = B20EA47223EF087100671478 /* GoogleBooks.xcdatamodel */;
			path = GoogleBooks.xcdatamodeld;
			sourceTree = "<group>";
			versionGroupType = wrapper.xcdatamodel;
		};
/* End XCVersionGroup section */
	};
	rootObject = B20EA45D23EF087000671478 /* Project object */;
}
